Microsoft Visual Studio Solution File, Format Version 12.00
# Visual Studio Version 17
VisualStudioVersion = 17.5.2.0
MinimumVisualStudioVersion = 10.0.40219.1
Project("{FAE04EC0-301F-11D3-BF4B-00C04F79EFBC}") = "EficiaBackend", "EficiaBackend.csproj", "{3D37519E-4D24-8D98-5701-BE71331F51AF}"
EndProject
Global
	GlobalSection(SolutionConfigurationPlatforms) = preSolution
		Debug|Any CPU = Debug|Any CPU
		Release|Any CPU = Release|Any CPU
	EndGlobalSection
	GlobalSection(ProjectConfigurationPlatforms) = postSolution
		{3D37519E-4D24-8D98-5701-BE71331F51AF}.Debug|Any CPU.ActiveCfg = Debug|Any CPU
		{3D37519E-4D24-8D98-5701-BE71331F51AF}.Debug|Any CPU.Build.0 = Debug|Any CPU
		{3D37519E-4D24-8D98-5701-BE71331F51AF}.Release|Any CPU.ActiveCfg = Release|Any CPU
		{3D37519E-4D24-8D98-5701-BE71331F51AF}.Release|Any CPU.Build.0 = Release|Any CPU
	EndGlobalSection
	GlobalSection(SolutionProperties) = preSolution
		HideSolutionNode = FALSE
	EndGlobalSection
	GlobalSection(ExtensibilityGlobals) = postSolution
		SolutionGuid = {DC1385A1-4490-4ACA-9D39-3A271E426DE8}
	EndGlobalSection
EndGlobal
